
Microsoft Visual Studio Solution File, Format Version 12.00
# Visual Studio Version 17
VisualStudioVersion = 17.5.001.0
MinimumVisualStudioVersion = 10.0.40219.1
Project("{9A19103F-16F7-4668-BE54-9A1E7A4F7556}") = "zadacha1", "zadacha1.csproj", "{154EFAE0-F811-47D2-A35C-7E529796B952}"
EndProject
Global
	GlobalSection(SolutionConfigurationPlatforms) = preSolution
		Debug|Any CPU = Debug|Any CPU
		Release|Any CPU = Release|Any CPU
	EndGlobalSection
	GlobalSection(ProjectConfigurationPlatforms) = postSolution
		{154EFAE0-F811-47D2-A35C-7E529796B952}.Debug|Any CPU.ActiveCfg = Debug|Any CPU
		{154EFAE0-F811-47D2-A35C-7E529796B952}.Debug|Any CPU.Build.0 = Debug|Any CPU
		{154EFAE0-F811-47D2-A35C-7E529796B952}.Release|Any CPU.ActiveCfg = Release|Any CPU
		{154EFAE0-F811-47D2-A35C-7E529796B952}.Release|Any CPU.Build.0 = Release|Any CPU
	EndGlobalSection
	GlobalSection(SolutionProperties) = preSolution
		HideSolutionNode = FALSE
	EndGlobalSection
	GlobalSection(ExtensibilityGlobals) = postSolution
		SolutionGuid = {35C3C838-B552-42D3-8CAB-737B9AC3FC81}
	EndGlobalSection
EndGlobal
